<?xml version="1.0" encoding="utf-8"?>
<Project ToolsVersion="4.0" xmlns="http://schemas.microsoft.com/developer/msbuild/2003">
  <ItemGroup>
    <Filter Include="internal">
      <UniqueIdentifier>{4d4557fb-da4a-4954-bc8a-d555c701294c}</UniqueIdentifier>
    </Filter>
    <Filter Include="domain">
      <UniqueIdentifier>{196afe35-2847-42ba-b961-9f7efcb0d842}</UniqueIdentifier>
    </Filter>
    <Filter Include="data">
      <UniqueIdentifier>{2827ed80-5b90-4229-a1be-322d0550d00a}</UniqueIdentifier>
    </Filter>
    <Filter Include="user interface">
      <UniqueIdentifier>{7799347b-694a-4fe7-8337-d22bffeeb565}</UniqueIdentifier>
    </Filter>
    <Filter Include="domain\entities">
      <UniqueIdentifier>{f1bbb473-3901-42a9-870c-92a9527a3658}</UniqueIdentifier>
    </Filter>
    <Filter Include="domain\usecase">
      <UniqueIdentifier>{3c229be8-54b4-4fdb-8ed7-097717059314}</UniqueIdentifier>
    </Filter>
    <Filter Include="user interface\dialogs">
      <UniqueIdentifier>{f750fe18-368a-4c58-abf6-23154d000934}</UniqueIdentifier>
    </Filter>
    <Filter Include="user interface\screens">
      <UniqueIdentifier>{369f83df-b731-4312-ab76-bacf595367ee}</UniqueIdentifier>
    </Filter>
  </ItemGroup>
  <ItemGroup>
    <ClCompile Include="application.cpp">
      <Filter>internal</Filter>
    </ClCompile>
  </ItemGroup>
  <ItemGroup>
    <ClInclude Include="movie.h">
      <Filter>domain\entities</Filter>
    </ClInclude>
    <ClInclude Include="cinema_hall.h">
      <Filter>domain\entities</Filter>
    </ClInclude>
    <ClInclude Include="ticket.h">
      <Filter>domain\entities</Filter>
    </ClInclude>
    <ClInclude Include="customer.h">
      <Filter>domain\entities</Filter>
    </ClInclude>
    <ClInclude Include="showtime.h">
      <Filter>domain\entities</Filter>
    </ClInclude>
    <ClInclude Include="header_library.h">
      <Filter>internal</Filter>
    </ClInclude>
    <ClInclude Include="dialogs.h">
      <Filter>user interface\dialogs</Filter>
    </ClInclude>
    <ClInclude Include="screens.h">
      <Filter>user interface\screens</Filter>
    </ClInclude>
    <ClInclude Include="buy_ticket.h">
      <Filter>domain\usecase</Filter>
    </ClInclude>
    <ClInclude Include="get_list_movies.h">
      <Filter>domain\usecase</Filter>
    </ClInclude>
  </ItemGroup>
</Project>